
Microsoft Visual Studio Solution File, Format Version 12.00
# Visual Studio 15
VisualStudioVersion = 15.0.28307.572
MinimumVisualStudioVersion = 10.0.40219.1
Project("{FAE04EC0-301F-11D3-BF4B-00C04F79EFBC}") = "HelloWord052701", "HelloWord052701\HelloWord052701.csproj", "{80AF56D1-2C7F-4076-B004-19561FD47D77}"
EndProject
Global
	GlobalSection(SolutionConfigurationPlatforms) = preSolution
		Debug|Any CPU = Debug|Any CPU
		Release|Any CPU = Release|Any CPU
	EndGlobalSection
	GlobalSection(ProjectConfigurationPlatforms) = postSolution
		{80AF56D1-2C7F-4076-B004-19561FD47D77}.Debug|Any CPU.ActiveCfg = Debug|Any CPU
		{80AF56D1-2C7F-4076-B004-19561FD47D77}.Debug|Any CPU.Build.0 = Debug|Any CPU
		{80AF56D1-2C7F-4076-B004-19561FD47D77}.Release|Any CPU.ActiveCfg = Release|Any CPU
		{80AF56D1-2C7F-4076-B004-19561FD47D77}.Release|Any CPU.Build.0 = Release|Any CPU
	EndGlobalSection
	GlobalSection(SolutionProperties) = preSolution
		HideSolutionNode = FALSE
	EndGlobalSection
	GlobalSection(ExtensibilityGlobals) = postSolution
		SolutionGuid = {0C5153FB-816F-4E27-BD31-C96F7D141350}
	EndGlobalSection
EndGlobal
